[ "elixir-datetime": {:git, "git://github.com/alco/elixir-datetime.git", "53a2d5da6ea98b2fbf2d51dd2ccc4eefb5d9b4e4", []},
  "hex": {:git, "git://github.com/d0rc/hex.git", "27f53455951e8e763227ad23d485b41f08fde47a", []},
  "uuid": {:git, "git://github.com/avtobiff/erlang-uuid.git", "9cfe9666f1787d27550495c9c9cfa0297d861252", []} ]
